// !$*UTF8*$!
{
	archiveVersion = 1;
	classes = {
	};
	objectVersion = 56;
	objects = {

/* Begin PBXBuildFile section */
		D711B8952AF184C60064AAFE /* TabBarController.swift in Sources */ = {isa = PBXBuildFile; fileRef = D711B8942AF184C60064AAFE /* TabBarController.swift */; };
		D73A35A02BBDB166007DA4AE /* CategoryTableViewCellForEvent.swift in Sources */ = {isa = PBXBuildFile; fileRef = D73A359F2BBDB166007DA4AE /* CategoryTableViewCellForEvent.swift */; };
		D73B27772B37369F00E7B59A /* CategoryTableViewCellForHabit.swift in Sources */ = {isa = PBXBuildFile; fileRef = D73B27762B37369F00E7B59A /* CategoryTableViewCellForHabit.swift */; };
		D774245A2B24575E00C8E065 /* AddCategoryViewController.swift in Sources */ = {isa = PBXBuildFile; fileRef = D77424592B24575E00C8E065 /* AddCategoryViewController.swift */; };
		D774245D2B2476E600C8E065 /* CreateCategoryViewController.swift in Sources */ = {isa = PBXBuildFile; fileRef = D774245C2B2476E600C8E065 /* CreateCategoryViewController.swift */; };
		D77424602B2490DF00C8E065 /* ScheduleViewController.swift in Sources */ = {isa = PBXBuildFile; fileRef = D774245F2B2490DF00C8E065 /* ScheduleViewController.swift */; };
		D77DC5A62BBCFA6F00D54D89 /* NewEventCreateController.swift in Sources */ = {isa = PBXBuildFile; fileRef = D77DC5A52BBCFA6F00D54D89 /* NewEventCreateController.swift */; };
		D77DC5A92BBCFCA200D54D89 /* StatViewController.swift in Sources */ = {isa = PBXBuildFile; fileRef = D77DC5A82BBCFCA200D54D89 /* StatViewController.swift */; };
		D77E02342BF0E04100490E60 /* TransformerValue.swift in Sources */ = {isa = PBXBuildFile; fileRef = D77E02332BF0E04100490E60 /* TransformerValue.swift */; };
		D7848A2A2BED21B1007B754C /* EmodjiCollectionViewCell.swift in Sources */ = {isa = PBXBuildFile; fileRef = D7848A292BED21B1007B754C /* EmodjiCollectionViewCell.swift */; };
		D7A6AC952AF7685C00851329 /* Tracker.swift in Sources */ = {isa = PBXBuildFile; fileRef = D7A6AC942AF7685C00851329 /* Tracker.swift */; };
		D7A6AC972AF7698E00851329 /* TrackerCategory.swift in Sources */ = {isa = PBXBuildFile; fileRef = D7A6AC962AF7698E00851329 /* TrackerCategory.swift */; };
		D7A6AC992AF769D400851329 /* TrackerRecord.swift in Sources */ = {isa = PBXBuildFile; fileRef = D7A6AC982AF769D400851329 /* TrackerRecord.swift */; };
		D7A80AB02BF271D800657461 /* TrackerStory.swift in Sources */ = {isa = PBXBuildFile; fileRef = D7A80AAF2BF271D800657461 /* TrackerStory.swift */; };
		D7A80AB22BF2720300657461 /* TrackerCategoryStory.swift in Sources */ = {isa = PBXBuildFile; fileRef = D7A80AB12BF2720200657461 /* TrackerCategoryStory.swift */; };
		D7A80AB42BF2720D00657461 /* TrackerRecordStory.swift in Sources */ = {isa = PBXBuildFile; fileRef = D7A80AB32BF2720D00657461 /* TrackerRecordStory.swift */; };
		D7B12C9F2AED9E800006205D /* AppDelegate.swift in Sources */ = {isa = PBXBuildFile; fileRef = D7B12C9E2AED9E800006205D /* AppDelegate.swift */; };
		D7B12CA12AED9E800006205D /* SceneDelegate.swift in Sources */ = {isa = PBXBuildFile; fileRef = D7B12CA02AED9E800006205D /* SceneDelegate.swift */; };
		D7B12CA32AED9E800006205D /* TrackerViewController.swift in Sources */ = {isa = PBXBuildFile; fileRef = D7B12CA22AED9E800006205D /* TrackerViewController.swift */; };
		D7B12CA62AED9E800006205D /* Main.storyboard in Resources */ = {isa = PBXBuildFile; fileRef = D7B12CA42AED9E800006205D /* Main.storyboard */; };
		D7B12CA82AED9E830006205D /* Assets.xcassets in Resources */ = {isa = PBXBuildFile; fileRef = D7B12CA72AED9E830006205D /* Assets.xcassets */; };
		D7B12CAB2AED9E830006205D /* LaunchScreen.storyboard in Resources */ = {isa = PBXBuildFile; fileRef = D7B12CA92AED9E830006205D /* LaunchScreen.storyboard */; };
		D7B395422B78F546005FC916 /* CategoryCellTableViewCell.swift in Sources */ = {isa = PBXBuildFile; fileRef = D7B395412B78F546005FC916 /* CategoryCellTableViewCell.swift */; };
		D7C650F52B130EE800A9F116 /* ChoseHabitOrEventViewController.swift in Sources */ = {isa = PBXBuildFile; fileRef = D7C650F42B130EE800A9F116 /* ChoseHabitOrEventViewController.swift */; };
		D7C650F72B133FCE00A9F116 /* NewHabitCreateController.swift in Sources */ = {isa = PBXBuildFile; fileRef = D7C650F62B133FCE00A9F116 /* NewHabitCreateController.swift */; };
		D7CDABF02B90DBA000F9554D /* CategoryNameClass.swift in Sources */ = {isa = PBXBuildFile; fileRef = D7CDABEF2B90DBA000F9554D /* CategoryNameClass.swift */; };
		D7E8C5822BC05CA900076DB8 /* ColorsForHabit.swift in Sources */ = {isa = PBXBuildFile; fileRef = D7E8C5812BC05CA900076DB8 /* ColorsForHabit.swift */; };
		D7E8C5842BC0665B00076DB8 /* ColorCollectionViewCell.swift in Sources */ = {isa = PBXBuildFile; fileRef = D7E8C5832BC0665B00076DB8 /* ColorCollectionViewCell.swift */; };
		D7E8C5AA2BC1B3EA00076DB8 /* TrackerCoreData.xcdatamodeld in Sources */ = {isa = PBXBuildFile; fileRef = D7E8C5A82BC1B3EA00076DB8 /* TrackerCoreData.xcdatamodeld */; };
		D7F67EF62B375B2B00F81F06 /* TrackerViewCell.swift in Sources */ = {isa = PBXBuildFile; fileRef = D7F67EF52B375B2B00F81F06 /* TrackerViewCell.swift */; };
/* End PBXBuildFile section */

/* Begin PBXFileReference section */
		D711B8942AF184C60064AAFE /* TabBarController.swift */ = {isa = PBXFileReference; lastKnownFileType = sourcecode.swift; path = TabBarController.swift; sourceTree = "<group>"; };
		D73A359F2BBDB166007DA4AE /* CategoryTableViewCellForEvent.swift */ = {isa = PBXFileReference; lastKnownFileType = sourcecode.swift; path = CategoryTableViewCellForEvent.swift; sourceTree = "<group>"; };
		D73B27762B37369F00E7B59A /* CategoryTableViewCellForHabit.swift */ = {isa = PBXFileReference; lastKnownFileType = sourcecode.swift; path = CategoryTableViewCellForHabit.swift; sourceTree = "<group>"; };
		D77424592B24575E00C8E065 /* AddCategoryViewController.swift */ = {isa = PBXFileReference; lastKnownFileType = sourcecode.swift; path = AddCategoryViewController.swift; sourceTree = "<group>"; wrapsLines = 0; };
		D774245C2B2476E600C8E065 /* CreateCategoryViewController.swift */ = {isa = PBXFileReference; lastKnownFileType = sourcecode.swift; path = CreateCategoryViewController.swift; sourceTree = "<group>"; };
		D774245F2B2490DF00C8E065 /* ScheduleViewController.swift */ = {isa = PBXFileReference; lastKnownFileType = sourcecode.swift; path = ScheduleViewController.swift; sourceTree = "<group>"; };
		D77DC5A52BBCFA6F00D54D89 /* NewEventCreateController.swift */ = {isa = PBXFileReference; lastKnownFileType = sourcecode.swift; path = NewEventCreateController.swift; sourceTree = "<group>"; };
		D77DC5A82BBCFCA200D54D89 /* StatViewController.swift */ = {isa = PBXFileReference; fileEncoding = 4; lastKnownFileType = sourcecode.swift; path = StatViewController.swift; sourceTree = "<group>"; };
		D77E02332BF0E04100490E60 /* TransformerValue.swift */ = {isa = PBXFileReference; lastKnownFileType = sourcecode.swift; path = TransformerValue.swift; sourceTree = "<group>"; };
		D7848A292BED21B1007B754C /* EmodjiCollectionViewCell.swift */ = {isa = PBXFileReference; lastKnownFileType = sourcecode.swift; path = EmodjiCollectionViewCell.swift; sourceTree = "<group>"; };
		D7A6AC942AF7685C00851329 /* Tracker.swift */ = {isa = PBXFileReference; lastKnownFileType = sourcecode.swift; path = Tracker.swift; sourceTree = "<group>"; };
		D7A6AC962AF7698E00851329 /* TrackerCategory.swift */ = {isa = PBXFileReference; lastKnownFileType = sourcecode.swift; path = TrackerCategory.swift; sourceTree = "<group>"; };
		D7A6AC982AF769D400851329 /* TrackerRecord.swift */ = {isa = PBXFileReference; lastKnownFileType = sourcecode.swift; path = TrackerRecord.swift; sourceTree = "<group>"; };
		D7A80AAF2BF271D800657461 /* TrackerStory.swift */ = {isa = PBXFileReference; lastKnownFileType = sourcecode.swift; path = TrackerStory.swift; sourceTree = "<group>"; };
		D7A80AB12BF2720200657461 /* TrackerCategoryStory.swift */ = {isa = PBXFileReference; lastKnownFileType = sourcecode.swift; path = TrackerCategoryStory.swift; sourceTree = "<group>"; };
		D7A80AB32BF2720D00657461 /* TrackerRecordStory.swift */ = {isa = PBXFileReference; lastKnownFileType = sourcecode.swift; path = TrackerRecordStory.swift; sourceTree = "<group>"; };
		D7B12C9B2AED9E800006205D /* Tracker.app */ = {isa = PBXFileReference; explicitFileType = wrapper.application; includeInIndex = 0; path = Tracker.app; sourceTree = BUILT_PRODUCTS_DIR; };
		D7B12C9E2AED9E800006205D /* AppDelegate.swift */ = {isa = PBXFileReference; lastKnownFileType = sourcecode.swift; path = AppDelegate.swift; sourceTree = "<group>"; };
		D7B12CA02AED9E800006205D /* SceneDelegate.swift */ = {isa = PBXFileReference; lastKnownFileType = sourcecode.swift; path = SceneDelegate.swift; sourceTree = "<group>"; };
		D7B12CA22AED9E800006205D /* TrackerViewController.swift */ = {isa = PBXFileReference; lastKnownFileType = sourcecode.swift; path = TrackerViewController.swift; sourceTree = "<group>"; };
		D7B12CA52AED9E800006205D /* Base */ = {isa = PBXFileReference; lastKnownFileType = file.storyboard; name = Base; path = Base.lproj/Main.storyboard; sourceTree = "<group>"; };
		D7B12CA72AED9E830006205D /* Assets.xcassets */ = {isa = PBXFileReference; lastKnownFileType = folder.assetcatalog; path = Assets.xcassets; sourceTree = "<group>"; };
		D7B12CAA2AED9E830006205D /* Base */ = {isa = PBXFileReference; lastKnownFileType = file.storyboard; name = Base; path = Base.lproj/LaunchScreen.storyboard; sourceTree = "<group>"; };
		D7B12CAC2AED9E830006205D /* Info.plist */ = {isa = PBXFileReference; lastKnownFileType = text.plist.xml; path = Info.plist; sourceTree = "<group>"; };
		D7B395412B78F546005FC916 /* CategoryCellTableViewCell.swift */ = {isa = PBXFileReference; fileEncoding = 4; lastKnownFileType = sourcecode.swift; path = CategoryCellTableViewCell.swift; sourceTree = "<group>"; };
		D7C650F42B130EE800A9F116 /* ChoseHabitOrEventViewController.swift */ = {isa = PBXFileReference; lastKnownFileType = sourcecode.swift; path = ChoseHabitOrEventViewController.swift; sourceTree = "<group>"; };
		D7C650F62B133FCE00A9F116 /* NewHabitCreateController.swift */ = {isa = PBXFileReference; lastKnownFileType = sourcecode.swift; path = NewHabitCreateController.swift; sourceTree = "<group>"; };
		D7CDABEF2B90DBA000F9554D /* CategoryNameClass.swift */ = {isa = PBXFileReference; lastKnownFileType = sourcecode.swift; path = CategoryNameClass.swift; sourceTree = "<group>"; };
		D7E8C5812BC05CA900076DB8 /* ColorsForHabit.swift */ = {isa = PBXFileReference; lastKnownFileType = sourcecode.swift; path = ColorsForHabit.swift; sourceTree = "<group>"; };
		D7E8C5832BC0665B00076DB8 /* ColorCollectionViewCell.swift */ = {isa = PBXFileReference; lastKnownFileType = sourcecode.swift; path = ColorCollectionViewCell.swift; sourceTree = "<group>"; };
		D7E8C5A92BC1B3EA00076DB8 /* CoreData.xcdatamodel */ = {isa = PBXFileReference; lastKnownFileType = wrapper.xcdatamodel; path = CoreData.xcdatamodel; sourceTree = "<group>"; };
		D7F67EF52B375B2B00F81F06 /* TrackerViewCell.swift */ = {isa = PBXFileReference; lastKnownFileType = sourcecode.swift; path = TrackerViewCell.swift; sourceTree = "<group>"; };
/* End PBXFileReference section */

/* Begin PBXFrameworksBuildPhase section */
		D7B12C982AED9E800006205D /* Frameworks */ = {
			isa = PBXFrameworksBuildPhase;
			buildActionMask = 2147483647;
			files = (
			);
			runOnlyForDeploymentPostprocessing = 0;
		};
/* End PBXFrameworksBuildPhase section */

/* Begin PBXGroup section */
		D774245B2B2476C700C8E065 /* CreateCategory */ = {
			isa = PBXGroup;
			children = (
				D7B395412B78F546005FC916 /* CategoryCellTableViewCell.swift */,
				D77424592B24575E00C8E065 /* AddCategoryViewController.swift */,
				D774245C2B2476E600C8E065 /* CreateCategoryViewController.swift */,
			);
			path = CreateCategory;
			sourceTree = "<group>";
		};
		D774245E2B2490BB00C8E065 /* Schedule */ = {
			isa = PBXGroup;
			children = (
				D774245F2B2490DF00C8E065 /* ScheduleViewController.swift */,
			);
			path = Schedule;
			sourceTree = "<group>";
		};
		D77DC5A42BBC75CB00D54D89 /* CreateEvent */ = {
			isa = PBXGroup;
			children = (
				D77DC5A52BBCFA6F00D54D89 /* NewEventCreateController.swift */,
				D73A359F2BBDB166007DA4AE /* CategoryTableViewCellForEvent.swift */,
			);
			path = CreateEvent;
			sourceTree = "<group>";
		};
		D77DC5A72BBCFC9600D54D89 /* StateView */ = {
			isa = PBXGroup;
			children = (
				D77DC5A82BBCFCA200D54D89 /* StatViewController.swift */,
			);
			path = StateView;
			sourceTree = "<group>";
		};
		D7A6AC932AF7684600851329 /* Models */ = {
			isa = PBXGroup;
			children = (
				D7A6AC942AF7685C00851329 /* Tracker.swift */,
				D7A6AC962AF7698E00851329 /* TrackerCategory.swift */,
				D7A6AC982AF769D400851329 /* TrackerRecord.swift */,
			);
			path = Models;
			sourceTree = "<group>";
		};
		D7A80AAE2BF271C300657461 /* Store */ = {
			isa = PBXGroup;
			children = (
				D7A80AAF2BF271D800657461 /* TrackerStory.swift */,
				D7A80AB12BF2720200657461 /* TrackerCategoryStory.swift */,
				D7A80AB32BF2720D00657461 /* TrackerRecordStory.swift */,
			);
			path = Store;
			sourceTree = "<group>";
		};
		D7B12C922AED9E7F0006205D = {
			isa = PBXGroup;
			children = (
				D7B12C9D2AED9E800006205D /* Tracker */,
				D7B12C9C2AED9E800006205D /* Products */,
			);
			sourceTree = "<group>";
		};
		D7B12C9C2AED9E800006205D /* Products */ = {
			isa = PBXGroup;
			children = (
				D7B12C9B2AED9E800006205D /* Tracker.app */,
			);
			name = Products;
			sourceTree = "<group>";
		};
		D7B12C9D2AED9E800006205D /* Tracker */ = {
			isa = PBXGroup;
			children = (
				D7A80AAE2BF271C300657461 /* Store */,
				D7E8C5A82BC1B3EA00076DB8 /* TrackerCoreData.xcdatamodeld */,
				D7E8C5812BC05CA900076DB8 /* ColorsForHabit.swift */,
				D77DC5A72BBCFC9600D54D89 /* StateView */,
				D77DC5A42BBC75CB00D54D89 /* CreateEvent */,
				D774245E2B2490BB00C8E065 /* Schedule */,
				D774245B2B2476C700C8E065 /* CreateCategory */,
				D7C650F32B130EAD00A9F116 /* CreateNewHabit */,
				D7A6AC932AF7684600851329 /* Models */,
				D711B8942AF184C60064AAFE /* TabBarController.swift */,
				D7C650F42B130EE800A9F116 /* ChoseHabitOrEventViewController.swift */,
				D7B12CB72AEE0EA80006205D /* TrackerView */,
				D7B12C9E2AED9E800006205D /* AppDelegate.swift */,
				D7B12CA02AED9E800006205D /* SceneDelegate.swift */,
				D7B12CA42AED9E800006205D /* Main.storyboard */,
				D7B12CA72AED9E830006205D /* Assets.xcassets */,
				D7B12CA92AED9E830006205D /* LaunchScreen.storyboard */,
				D7B12CAC2AED9E830006205D /* Info.plist */,
			);
			path = Tracker;
			sourceTree = "<group>";
		};
		D7B12CB72AEE0EA80006205D /* TrackerView */ = {
			isa = PBXGroup;
			children = (
				D7B12CA22AED9E800006205D /* TrackerViewController.swift */,
				D7F67EF52B375B2B00F81F06 /* TrackerViewCell.swift */,
				D7CDABEF2B90DBA000F9554D /* CategoryNameClass.swift */,
			);
			path = TrackerView;
			sourceTree = "<group>";
		};
		D7C650F32B130EAD00A9F116 /* CreateNewHabit */ = {
			isa = PBXGroup;
			children = (
				D73B27762B37369F00E7B59A /* CategoryTableViewCellForHabit.swift */,
				D7C650F62B133FCE00A9F116 /* NewHabitCreateController.swift */,
				D7E8C5832BC0665B00076DB8 /* ColorCollectionViewCell.swift */,
				D7848A292BED21B1007B754C /* EmodjiCollectionViewCell.swift */,
				D77E02332BF0E04100490E60 /* TransformerValue.swift */,
			);
			path = CreateNewHabit;
			sourceTree = "<group>";
		};
/* End PBXGroup section */

/* Begin PBXNativeTarget section */
		D7B12C9A2AED9E800006205D /* Tracker */ = {
			isa = PBXNativeTarget;
			buildConfigurationList = D7B12CAF2AED9E830006205D /* Build configuration list for PBXNativeTarget "Tracker" */;
			buildPhases = (
				D7B12C972AED9E800006205D /* Sources */,
				D7B12C982AED9E800006205D /* Frameworks */,
				D7B12C992AED9E800006205D /* Resources */,
			);
			buildRules = (
			);
			dependencies = (
			);
			name = Tracker;
			productName = Tracker;
			productReference = D7B12C9B2AED9E800006205D /* Tracker.app */;
			productType = "com.apple.product-type.application";
		};
/* End PBXNativeTarget section */

/* Begin PBXProject section */
		D7B12C932AED9E7F0006205D /* Project object */ = {
			isa = PBXProject;
			attributes = {
				BuildIndependentTargetsInParallel = 1;
				LastSwiftUpdateCheck = 1500;
				LastUpgradeCheck = 1500;
				TargetAttributes = {
					D7B12C9A2AED9E800006205D = {
						CreatedOnToolsVersion = 15.0.1;
					};
				};
			};
			buildConfigurationList = D7B12C962AED9E7F0006205D /* Build configuration list for PBXProject "Tracker" */;
			compatibilityVersion = "Xcode 14.0";
			developmentRegion = en;
			hasScannedForEncodings = 0;
			knownRegions = (
				en,
				Base,
			);
			mainGroup = D7B12C922AED9E7F0006205D;
			productRefGroup = D7B12C9C2AED9E800006205D /* Products */;
			projectDirPath = "";
			projectRoot = "";
			targets = (
				D7B12C9A2AED9E800006205D /* Tracker */,
			);
		};
/* End PBXProject section */

/* Begin PBXResourcesBuildPhase section */
		D7B12C992AED9E800006205D /* Resources */ = {
			isa = PBXResourcesBuildPhase;
			buildActionMask = 2147483647;
			files = (
				D7B12CAB2AED9E830006205D /* LaunchScreen.storyboard in Resources */,
				D7B12CA82AED9E830006205D /* Assets.xcassets in Resources */,
				D7B12CA62AED9E800006205D /* Main.storyboard in Resources */,
			);
			runOnlyForDeploymentPostprocessing = 0;
		};
/* End PBXResourcesBuildPhase section */

/* Begin PBXSourcesBuildPhase section */
		D7B12C972AED9E800006205D /* Sources */ = {
			isa = PBXSourcesBuildPhase;
			buildActionMask = 2147483647;
			files = (
				D7E8C5822BC05CA900076DB8 /* ColorsForHabit.swift in Sources */,
				D7B12CA32AED9E800006205D /* TrackerViewController.swift in Sources */,
				D73A35A02BBDB166007DA4AE /* CategoryTableViewCellForEvent.swift in Sources */,
				D7A6AC972AF7698E00851329 /* TrackerCategory.swift in Sources */,
				D7CDABF02B90DBA000F9554D /* CategoryNameClass.swift in Sources */,
				D7B12C9F2AED9E800006205D /* AppDelegate.swift in Sources */,
				D711B8952AF184C60064AAFE /* TabBarController.swift in Sources */,
				D77424602B2490DF00C8E065 /* ScheduleViewController.swift in Sources */,
				D7A6AC992AF769D400851329 /* TrackerRecord.swift in Sources */,
				D77E02342BF0E04100490E60 /* TransformerValue.swift in Sources */,
				D7C650F72B133FCE00A9F116 /* NewHabitCreateController.swift in Sources */,
				D774245D2B2476E600C8E065 /* CreateCategoryViewController.swift in Sources */,
				D73B27772B37369F00E7B59A /* CategoryTableViewCellForHabit.swift in Sources */,
				D77DC5A92BBCFCA200D54D89 /* StatViewController.swift in Sources */,
				D774245A2B24575E00C8E065 /* AddCategoryViewController.swift in Sources */,
				D7E8C5AA2BC1B3EA00076DB8 /* TrackerCoreData.xcdatamodeld in Sources */,
				D7848A2A2BED21B1007B754C /* EmodjiCollectionViewCell.swift in Sources */,
				D7B12CA12AED9E800006205D /* SceneDelegate.swift in Sources */,
				D7A80AB22BF2720300657461 /* TrackerCategoryStory.swift in Sources */,
				D7E8C5842BC0665B00076DB8 /* ColorCollectionViewCell.swift in Sources */,
				D7C650F52B130EE800A9F116 /* ChoseHabitOrEventViewController.swift in Sources */,
				D7A6AC952AF7685C00851329 /* Tracker.swift in Sources */,
				D7B395422B78F546005FC916 /* CategoryCellTableViewCell.swift in Sources */,
				D7A80AB42BF2720D00657461 /* TrackerRecordStory.swift in Sources */,
				D7F67EF62B375B2B00F81F06 /* TrackerViewCell.swift in Sources */,
				D7A80AB02BF271D800657461 /* TrackerStory.swift in Sources */,
				D77DC5A62BBCFA6F00D54D89 /* NewEventCreateController.swift in Sources */,
			);
			runOnlyForDeploymentPostprocessing = 0;
		};
/* End PBXSourcesBuildPhase section */

/* Begin PBXVariantGroup section */
		D7B12CA42AED9E800006205D /* Main.storyboard */ = {
			isa = PBXVariantGroup;
			children = (
				D7B12CA52AED9E800006205D /* Base */,
			);
			name = Main.storyboard;
			sourceTree = "<group>";
		};
		D7B12CA92AED9E830006205D /* LaunchScreen.storyboard */ = {
			isa = PBXVariantGroup;
			children = (
				D7B12CAA2AED9E830006205D /* Base */,
			);
			name = LaunchScreen.storyboard;
			sourceTree = "<group>";
		};
/* End PBXVariantGroup section */

/* Begin XCBuildConfiguration section */
		D7B12CAD2AED9E830006205D /* Debug */ = {
			isa = XCBuildConfiguration;
			buildSettings = {
				ALWAYS_SEARCH_USER_PATHS = NO;
				ASSETCATALOG_COMPILER_GENERATE_SWIFT_ASSET_SYMBOL_EXTENSIONS = YES;
				CLANG_ANALYZER_NONNULL = YES;
				CLANG_ANALYZER_NUMBER_OBJECT_CONVERSION = YES_AGGRESSIVE;
				CLANG_CXX_LANGUAGE_STANDARD = "gnu++20";
				CLANG_ENABLE_MODULES = YES;
				CLANG_ENABLE_OBJC_ARC = YES;
				CLANG_ENABLE_OBJC_WEAK = YES;
				CLANG_WARN_BLOCK_CAPTURE_AUTORELEASING = YES;
				CLANG_WARN_BOOL_CONVERSION = YES;
				CLANG_WARN_COMMA = YES;
				CLANG_WARN_CONSTANT_CONVERSION = YES;
				CLANG_WARN_DEPRECATED_OBJC_IMPLEMENTATIONS = YES;
				CLANG_WARN_DIRECT_OBJC_ISA_USAGE = YES_ERROR;
				CLANG_WARN_DOCUMENTATION_COMMENTS = YES;
				CLANG_WARN_EMPTY_BODY = YES;
				CLANG_WARN_ENUM_CONVERSION = YES;
				CLANG_WARN_INFINITE_RECURSION = YES;
				CLANG_WARN_INT_CONVERSION = YES;
				CLANG_WARN_NON_LITERAL_NULL_CONVERSION = YES;
				CLANG_WARN_OBJC_IMPLICIT_RETAIN_SELF = YES;
				CLANG_WARN_OBJC_LITERAL_CONVERSION = YES;
				CLANG_WARN_OBJC_ROOT_CLASS = YES_ERROR;
				CLANG_WARN_QUOTED_INCLUDE_IN_FRAMEWORK_HEADER = YES;
				CLANG_WARN_RANGE_LOOP_ANALYSIS = YES;
				CLANG_WARN_STRICT_PROTOTYPES = YES;
				CLANG_WARN_SUSPICIOUS_MOVE = YES;
				CLANG_WARN_UNGUARDED_AVAILABILITY = YES_AGGRESSIVE;
				CLANG_WARN_UNREACHABLE_CODE = YES;
				CLANG_WARN__DUPLICATE_METHOD_MATCH = YES;
				COPY_PHASE_STRIP = NO;
				DEBUG_INFORMATION_FORMAT = dwarf;
				ENABLE_STRICT_OBJC_MSGSEND = YES;
				ENABLE_TESTABILITY = YES;
				ENABLE_USER_SCRIPT_SANDBOXING = YES;
				GCC_C_LANGUAGE_STANDARD = gnu17;
				GCC_DYNAMIC_NO_PIC = NO;
				GCC_NO_COMMON_BLOCKS = YES;
				GCC_OPTIMIZATION_LEVEL = 0;
				GCC_PREPROCESSOR_DEFINITIONS = (
					"DEBUG=1",
					"$(inherited)",
				);
				GCC_WARN_64_TO_32_BIT_CONVERSION = YES;
				GCC_WARN_ABOUT_RETURN_TYPE = YES_ERROR;
				GCC_WARN_UNDECLARED_SELECTOR = YES;
				GCC_WARN_UNINITIALIZED_AUTOS = YES_AGGRESSIVE;
				GCC_WARN_UNUSED_FUNCTION = YES;
				GCC_WARN_UNUSED_VARIABLE = YES;
				IPHONEOS_DEPLOYMENT_TARGET = 17.0;
				LOCALIZATION_PREFERS_STRING_CATALOGS = YES;
				MTL_ENABLE_DEBUG_INFO = INCLUDE_SOURCE;
				MTL_FAST_MATH = YES;
				ONLY_ACTIVE_ARCH = YES;
				SDKROOT = iphoneos;
				SWIFT_ACTIVE_COMPILATION_CONDITIONS = "DEBUG $(inherited)";
				SWIFT_OPTIMIZATION_LEVEL = "-Onone";
			};
			name = Debug;
		};
		D7B12CAE2AED9E830006205D /* Release */ = {
			isa = XCBuildConfiguration;
			buildSettings = {
				ALWAYS_SEARCH_USER_PATHS = NO;
				ASSETCATALOG_COMPILER_GENERATE_SWIFT_ASSET_SYMBOL_EXTENSIONS = YES;
				CLANG_ANALYZER_NONNULL = YES;
				CLANG_ANALYZER_NUMBER_OBJECT_CONVERSION = YES_AGGRESSIVE;
				CLANG_CXX_LANGUAGE_STANDARD = "gnu++20";
				CLANG_ENABLE_MODULES = YES;
				CLANG_ENABLE_OBJC_ARC = YES;
				CLANG_ENABLE_OBJC_WEAK = YES;
				CLANG_WARN_BLOCK_CAPTURE_AUTORELEASING = YES;
				CLANG_WARN_BOOL_CONVERSION = YES;
				CLANG_WARN_COMMA = YES;
				CLANG_WARN_CONSTANT_CONVERSION = YES;
				CLANG_WARN_DEPRECATED_OBJC_IMPLEMENTATIONS = YES;
				CLANG_WARN_DIRECT_OBJC_ISA_USAGE = YES_ERROR;
				CLANG_WARN_DOCUMENTATION_COMMENTS = YES;
				CLANG_WARN_EMPTY_BODY = YES;
				CLANG_WARN_ENUM_CONVERSION = YES;
				CLANG_WARN_INFINITE_RECURSION = YES;
				CLANG_WARN_INT_CONVERSION = YES;
				CLANG_WARN_NON_LITERAL_NULL_CONVERSION = YES;
				CLANG_WARN_OBJC_IMPLICIT_RETAIN_SELF = YES;
				CLANG_WARN_OBJC_LITERAL_CONVERSION = YES;
				CLANG_WARN_OBJC_ROOT_CLASS = YES_ERROR;
				CLANG_WARN_QUOTED_INCLUDE_IN_FRAMEWORK_HEADER = YES;
				CLANG_WARN_RANGE_LOOP_ANALYSIS = YES;
				CLANG_WARN_STRICT_PROTOTYPES = YES;
				CLANG_WARN_SUSPICIOUS_MOVE = YES;
				CLANG_WARN_UNGUARDED_AVAILABILITY = YES_AGGRESSIVE;
				CLANG_WARN_UNREACHABLE_CODE = YES;
				CLANG_WARN__DUPLICATE_METHOD_MATCH = YES;
				COPY_PHASE_STRIP = NO;
				DEBUG_INFORMATION_FORMAT = "dwarf-with-dsym";
				ENABLE_NS_ASSERTIONS = NO;
				ENABLE_STRICT_OBJC_MSGSEND = YES;
				ENABLE_USER_SCRIPT_SANDBOXING = YES;
				GCC_C_LANGUAGE_STANDARD = gnu17;
				GCC_NO_COMMON_BLOCKS = YES;
				GCC_WARN_64_TO_32_BIT_CONVERSION = YES;
				GCC_WARN_ABOUT_RETURN_TYPE = YES_ERROR;
				GCC_WARN_UNDECLARED_SELECTOR = YES;
				GCC_WARN_UNINITIALIZED_AUTOS = YES_AGGRESSIVE;
				GCC_WARN_UNUSED_FUNCTION = YES;
				GCC_WARN_UNUSED_VARIABLE = YES;
				IPHONEOS_DEPLOYMENT_TARGET = 17.0;
				LOCALIZATION_PREFERS_STRING_CATALOGS = YES;
				MTL_ENABLE_DEBUG_INFO = NO;
				MTL_FAST_MATH = YES;
				SDKROOT = iphoneos;
				SWIFT_COMPILATION_MODE = wholemodule;
				VALIDATE_PRODUCT = YES;
			};
			name = Release;
		};
		D7B12CB02AED9E830006205D /* Debug */ = {
			isa = XCBuildConfiguration;
			buildSettings = {
				ASSETCATALOG_COMPILER_APPICON_NAME = AppIcon;
				ASSETCATALOG_COMPILER_GLOBAL_ACCENT_COLOR_NAME = AccentColor;
				CODE_SIGN_STYLE = Automatic;
				CURRENT_PROJECT_VERSION = 1;
				DEVELOPMENT_TEAM = SR8M6C93J7;
				GENERATE_INFOPLIST_FILE = YES;
				INFOPLIST_FILE = Tracker/Info.plist;
				INFOPLIST_KEY_UIApplicationSupportsIndirectInputEvents = YES;
				INFOPLIST_KEY_UILaunchStoryboardName = LaunchScreen;
				INFOPLIST_KEY_UIMainStoryboardFile = Main;
				INFOPLIST_KEY_UISupportedInterfaceOrientations_iPad = "UIInterfaceOrientationPortrait UIInterfaceOrientationPortraitUpsideDown UIInterfaceOrientationLandscapeLeft UIInterfaceOrientationLandscapeRight";
				INFOPLIST_KEY_UISupportedInterfaceOrientations_iPhone = "UIInterfaceOrientationPortrait UIInterfaceOrientationLandscapeLeft UIInterfaceOrientationLandscapeRight";
				IPHONEOS_DEPLOYMENT_TARGET = 13.4;
				LD_RUNPATH_SEARCH_PATHS = (
					"$(inherited)",
					"@executable_path/Frameworks",
				);
				MARKETING_VERSION = 1.0;
				PRODUCT_BUNDLE_IDENTIFIER = com.mrVol.Tracker;
				PRODUCT_NAME = "$(TARGET_NAME)";
				SWIFT_EMIT_LOC_STRINGS = YES;
				SWIFT_VERSION = 5.0;
				TARGETED_DEVICE_FAMILY = "1,2";
			};
			name = Debug;
		};
		D7B12CB12AED9E830006205D /* Release */ = {
			isa = XCBuildConfiguration;
			buildSettings = {
				ASSETCATALOG_COMPILER_APPICON_NAME = AppIcon;
				ASSETCATALOG_COMPILER_GLOBAL_ACCENT_COLOR_NAME = AccentColor;
				CODE_SIGN_STYLE = Automatic;
				CURRENT_PROJECT_VERSION = 1;
				DEVELOPMENT_TEAM = SR8M6C93J7;
				GENERATE_INFOPLIST_FILE = YES;
				INFOPLIST_FILE = Tracker/Info.plist;
				INFOPLIST_KEY_UIApplicationSupportsIndirectInputEvents = YES;
				INFOPLIST_KEY_UILaunchStoryboardName = LaunchScreen;
				INFOPLIST_KEY_UIMainStoryboardFile = Main;
				INFOPLIST_KEY_UISupportedInterfaceOrientations_iPad = "UIInterfaceOrientationPortrait UIInterfaceOrientationPortraitUpsideDown UIInterfaceOrientationLandscapeLeft UIInterfaceOrientationLandscapeRight";
				INFOPLIST_KEY_UISupportedInterfaceOrientations_iPhone = "UIInterfaceOrientationPortrait UIInterfaceOrientationLandscapeLeft UIInterfaceOrientationLandscapeRight";
				IPHONEOS_DEPLOYMENT_TARGET = 13.4;
				LD_RUNPATH_SEARCH_PATHS = (
					"$(inherited)",
					"@executable_path/Frameworks",
				);
				MARKETING_VERSION = 1.0;
				PRODUCT_BUNDLE_IDENTIFIER = com.mrVol.Tracker;
				PRODUCT_NAME = "$(TARGET_NAME)";
				SWIFT_EMIT_LOC_STRINGS = YES;
				SWIFT_VERSION = 5.0;
				TARGETED_DEVICE_FAMILY = "1,2";
			};
			name = Release;
		};
/* End XCBuildConfiguration section */

/* Begin XCConfigurationList section */
		D7B12C962AED9E7F0006205D /* Build configuration list for PBXProject "Tracker" */ = {
			isa = XCConfigurationList;
			buildConfigurations = (
				D7B12CAD2AED9E830006205D /* Debug */,
				D7B12CAE2AED9E830006205D /* Release */,
			);
			defaultConfigurationIsVisible = 0;
			defaultConfigurationName = Release;
		};
		D7B12CAF2AED9E830006205D /* Build configuration list for PBXNativeTarget "Tracker" */ = {
			isa = XCConfigurationList;
			buildConfigurations = (
				D7B12CB02AED9E830006205D /* Debug */,
				D7B12CB12AED9E830006205D /* Release */,
			);
			defaultConfigurationIsVisible = 0;
			defaultConfigurationName = Release;
		};
/* End XCConfigurationList section */

/* Begin XCVersionGroup section */
		D7E8C5A82BC1B3EA00076DB8 /* TrackerCoreData.xcdatamodeld */ = {
			isa = XCVersionGroup;
			children = (
				D7E8C5A92BC1B3EA00076DB8 /* CoreData.xcdatamodel */,
			);
			currentVersion = D7E8C5A92BC1B3EA00076DB8 /* CoreData.xcdatamodel */;
			path = TrackerCoreData.xcdatamodeld;
			sourceTree = "<group>";
			versionGroupType = wrapper.xcdatamodel;
		};
/* End XCVersionGroup section */
	};
	rootObject = D7B12C932AED9E7F0006205D /* Project object */;
}
